// !$*UTF8*$!
{
	archiveVersion = 1;
	classes = {
	};
	objectVersion = 46;
	objects = {

/* Begin PBXBuildFile section */
		1A063021170FBBD5002892C4 /* UIKit.framework in Frameworks */ = {isa = PBXBuildFile; fileRef = 1A063020170FBBD5002892C4 /* UIKit.framework */; };
		1A063023170FBBD5002892C4 /* Foundation.framework in Frameworks */ = {isa = PBXBuildFile; fileRef = 1A063022170FBBD5002892C4 /* Foundation.framework */; };
		1A063025170FBBD5002892C4 /* CoreGraphics.framework in Frameworks */ = {isa = PBXBuildFile; fileRef = 1A063024170FBBD5002892C4 /* CoreGraphics.framework */; };
		1A06302B170FBBD5002892C4 /* InfoPlist.strings in Resources */ = {isa = PBXBuildFile; fileRef = 1A063029170FBBD5002892C4 /* InfoPlist.strings */; };
		1A06302D170FBBD5002892C4 /* main.m in Sources */ = {isa = PBXBuildFile; fileRef = 1A06302C170FBBD5002892C4 /* main.m */; };
		1A063031170FBBD5002892C4 /* MMAppDelegate.m in Sources */ = {isa = PBXBuildFile; fileRef = 1A063030170FBBD5002892C4 /* MMAppDelegate.m */; };
		1A063037170FBBD5002892C4 /* Default-568h@2x.png in Resources */ = {isa = PBXBuildFile; fileRef = 1A063036170FBBD5002892C4 /* Default-568h@2x.png */; };
		1A06303A170FBBD5002892C4 /* MainStoryboard.storyboard in Resources */ = {isa = PBXBuildFile; fileRef = 1A063038170FBBD5002892C4 /* MainStoryboard.storyboard */; };
		1A06303D170FBBD5002892C4 /* MMViewController.m in Sources */ = {isa = PBXBuildFile; fileRef = 1A06303C170FBBD5002892C4 /* MMViewController.m */; };
		1A2BBAB3171036BB002A5768 /* O.png in Resources */ = {isa = PBXBuildFile; fileRef = 1A2BBAB0171036BB002A5768 /* O.png */; };
		1A2BBAB4171036BB002A5768 /* X.png in Resources */ = {isa = PBXBuildFile; fileRef = 1A2BBAB1171036BB002A5768 /* X.png */; };
		1A2BBAB5171036BB002A5768 /* XObackground.png in Resources */ = {isa = PBXBuildFile; fileRef = 1A2BBAB2171036BB002A5768 /* XObackground.png */; };
		1A2BBABF171062BF002A5768 /* xo_standard.png in Resources */ = {isa = PBXBuildFile; fileRef = 1A2BBABE171062BF002A5768 /* xo_standard.png */; };
		1A2BBAC1171062C9002A5768 /* xo_retina@2x.png in Resources */ = {isa = PBXBuildFile; fileRef = 1A2BBAC0171062C9002A5768 /* xo_retina@2x.png */; };
		1A2BBAC717109A5B002A5768 /* xo_standard_IPad@2x.png in Resources */ = {isa = PBXBuildFile; fileRef = 1A2BBAC617109A5B002A5768 /* xo_standard_IPad@2x.png */; };
		1A2BBAC917109A67002A5768 /* xo_retina_iPad@2x.png in Resources */ = {isa = PBXBuildFile; fileRef = 1A2BBAC817109A67002A5768 /* xo_retina_iPad@2x.png */; };
		1A2BBAFD17109D7C002A5768 /* MainStoryboard_iPad.storyboard in Resources */ = {isa = PBXBuildFile; fileRef = 1A2BBAFC17109D7C002A5768 /* MainStoryboard_iPad.storyboard */; };
		1A2BBB0017109EB4002A5768 /* MMRegulariPadViewController.m in Sources */ = {isa = PBXBuildFile; fileRef = 1A2BBAFF17109EB4002A5768 /* MMRegulariPadViewController.m */; };
		1A2BBB041710AD5B002A5768 /* XObackground_iPad.png in Resources */ = {isa = PBXBuildFile; fileRef = 1A2BBB011710AD5B002A5768 /* XObackground_iPad.png */; };
		1A2BBB051710AD5B002A5768 /* X_iPad.png in Resources */ = {isa = PBXBuildFile; fileRef = 1A2BBB021710AD5B002A5768 /* X_iPad.png */; };
		1A2BBB061710AD5B002A5768 /* O_iPad.png in Resources */ = {isa = PBXBuildFile; fileRef = 1A2BBB031710AD5B002A5768 /* O_iPad.png */; };
		1A3A13BC1720AE04005E93B6 /* beanbag.png in Resources */ = {isa = PBXBuildFile; fileRef = 1A3A13BB1720AE04005E93B6 /* beanbag.png */; };
		1A3A13C81721A454005E93B6 /* slingshot1.png in Resources */ = {isa = PBXBuildFile; fileRef = 1A3A13BE1721A453005E93B6 /* slingshot1.png */; };
		1A3A13C91721A454005E93B6 /* slingshot10.png in Resources */ = {isa = PBXBuildFile; fileRef = 1A3A13BF1721A453005E93B6 /* slingshot10.png */; };
		1A3A13CA1721A454005E93B6 /* slingshot2.png in Resources */ = {isa = PBXBuildFile; fileRef = 1A3A13C01721A453005E93B6 /* slingshot2.png */; };
		1A3A13CB1721A454005E93B6 /* slingshot3.png in Resources */ = {isa = PBXBuildFile; fileRef = 1A3A13C11721A453005E93B6 /* slingshot3.png */; };
		1A3A13CC1721A454005E93B6 /* slingshot4.png in Resources */ = {isa = PBXBuildFile; fileRef = 1A3A13C21721A454005E93B6 /* slingshot4.png */; };
		1A3A13CD1721A454005E93B6 /* slingshot5.png in Resources */ = {isa = PBXBuildFile; fileRef = 1A3A13C31721A454005E93B6 /* slingshot5.png */; };
		1A3A13CE1721A454005E93B6 /* slingshot6.png in Resources */ = {isa = PBXBuildFile; fileRef = 1A3A13C41721A454005E93B6 /* slingshot6.png */; };
		1A3A13CF1721A454005E93B6 /* slingshot7.png in Resources */ = {isa = PBXBuildFile; fileRef = 1A3A13C51721A454005E93B6 /* slingshot7.png */; };
		1A3A13D01721A454005E93B6 /* slingshot8.png in Resources */ = {isa = PBXBuildFile; fileRef = 1A3A13C61721A454005E93B6 /* slingshot8.png */; };
		1A3A13D11721A454005E93B6 /* slingshot9.png in Resources */ = {isa = PBXBuildFile; fileRef = 1A3A13C71721A454005E93B6 /* slingshot9.png */; };
		1A3A13D317241D68005E93B6 /* group.png in Resources */ = {isa = PBXBuildFile; fileRef = 1A3A13D217241D68005E93B6 /* group.png */; };
		1A3A13D517241E45005E93B6 /* computer.png in Resources */ = {isa = PBXBuildFile; fileRef = 1A3A13D417241E45005E93B6 /* computer.png */; };
		1A3A13D717241F31005E93B6 /* slingshot_tiny.jpeg in Resources */ = {isa = PBXBuildFile; fileRef = 1A3A13D617241F31005E93B6 /* slingshot_tiny.jpeg */; };
		1A3A13DA17277568005E93B6 /* MMMainViewController.m in Sources */ = {isa = PBXBuildFile; fileRef = 1A3A13D917277567005E93B6 /* MMMainViewController.m */; };
		1A3A13DD17277958005E93B6 /* MMRegularViewController.m in Sources */ = {isa = PBXBuildFile; fileRef = 1A3A13DC17277958005E93B6 /* MMRegularViewController.m */; };
		1A3A13DF17278425005E93B6 /* arrow-turn-180.png in Resources */ = {isa = PBXBuildFile; fileRef = 1A3A13DE17278425005E93B6 /* arrow-turn-180.png */; };
		1A3A13E517279437005E93B6 /* XObackgroundWithXO.png in Resources */ = {isa = PBXBuildFile; fileRef = 1A3A13E417279437005E93B6 /* XObackgroundWithXO.png */; };
		1A3A13F5172960A9005E93B6 /* eye-close.png in Resources */ = {isa = PBXBuildFile; fileRef = 1A3A13F2172960A8005E93B6 /* eye-close.png */; };
		1A3A13F6172960A9005E93B6 /* eye-half.png in Resources */ = {isa = PBXBuildFile; fileRef = 1A3A13F3172960A8005E93B6 /* eye-half.png */; };
		1A3A13F7172960A9005E93B6 /* eye.png in Resources */ = {isa = PBXBuildFile; fileRef = 1A3A13F4172960A8005E93B6 /* eye.png */; };
		1A73E3FF172B367D00199D3C /* MMiPadMainViewController.m in Sources */ = {isa = PBXBuildFile; fileRef = 1A73E3FE172B367D00199D3C /* MMiPadMainViewController.m */; };
		1A73E402172B95A900199D3C /* MMSlingshotiPadViewController.m in Sources */ = {isa = PBXBuildFile; fileRef = 1A73E401172B95A900199D3C /* MMSlingshotiPadViewController.m */; };
		1A73E40D172C100400199D3C /* Default-Portrait~ipad.png in Resources */ = {isa = PBXBuildFile; fileRef = 1A73E40B172C100300199D3C /* Default-Portrait~ipad.png */; };
		1A73E40E172C100400199D3C /* Default-Portrait@2x~ipad.png in Resources */ = {isa = PBXBuildFile; fileRef = 1A73E40C172C100300199D3C /* Default-Portrait@2x~ipad.png */; };
		1A792F6F17354459003B1141 /* poolwater2.png in Resources */ = {isa = PBXBuildFile; fileRef = 1A792F6C17354459003B1141 /* poolwater2.png */; };
		1A792F7017354459003B1141 /* tube0_85.png in Resources */ = {isa = PBXBuildFile; fileRef = 1A792F6D17354459003B1141 /* tube0_85.png */; };
		1A792F72173544AC003B1141 /* noodleX_85.png in Resources */ = {isa = PBXBuildFile; fileRef = 1A792F71173544AC003B1141 /* noodleX_85.png */; };
		1A792F74173553BF003B1141 /* stamped_85.png in Resources */ = {isa = PBXBuildFile; fileRef = 1A792F73173553BF003B1141 /* stamped_85.png */; };
		1A792F7617355413003B1141 /* stampedConcrete.JPG in Resources */ = {isa = PBXBuildFile; fileRef = 1A792F7517355413003B1141 /* stampedConcrete.JPG */; };
		1A792F8C17357B95003B1141 /* poolwater2_XOmarks.png in Resources */ = {isa = PBXBuildFile; fileRef = 1A792F8B17357B95003B1141 /* poolwater2_XOmarks.png */; };
		1A792F901735830C003B1141 /* poolWater.png in Resources */ = {isa = PBXBuildFile; fileRef = 1A792F8F1735830C003B1141 /* poolWater.png */; };
		1A7C719F1735DF6500B41EA7 /* poolX.png in Resources */ = {isa = PBXBuildFile; fileRef = 1A7C719E1735DF6500B41EA7 /* poolX.png */; };
		1A7C71A11735DF6C00B41EA7 /* poolO.png in Resources */ = {isa = PBXBuildFile; fileRef = 1A7C71A01735DF6C00B41EA7 /* poolO.png */; };
		1A7C71A31735E15400B41EA7 /* poolWaterWithXO.png in Resources */ = {isa = PBXBuildFile; fileRef = 1A7C71A21735E15400B41EA7 /* poolWaterWithXO.png */; };
		1A7C71AB1735F27500B41EA7 /* stars3.png in Resources */ = {isa = PBXBuildFile; fileRef = 1A7C71AA1735F27500B41EA7 /* stars3.png */; };
		1A7C71AD1735F2B200B41EA7 /* stars2.png in Resources */ = {isa = PBXBuildFile; fileRef = 1A7C71AC1735F2B200B41EA7 /* stars2.png */; };
		1A7C71AF1735F30200B41EA7 /* star.png in Resources */ = {isa = PBXBuildFile; fileRef = 1A7C71AE1735F30200B41EA7 /* star.png */; };
		1A7C71B11735F9E300B41EA7 /* ticxotoe.png in Resources */ = {isa = PBXBuildFile; fileRef = 1A7C71B01735F9E300B41EA7 /* ticxotoe.png */; };
		1A7C71BD1736088A00B41EA7 /* beachsand.png in Resources */ = {isa = PBXBuildFile; fileRef = 1A7C71BC1736088A00B41EA7 /* beachsand.png */; };
/* End PBXBuildFile section */

/* Begin PBXFileReference section */
		1A06301D170FBBD5002892C4 /* TicXOToe.app */ = {isa = PBXFileReference; explicitFileType = wrapper.application; includeInIndex = 0; path = TicXOToe.app; sourceTree = BUILT_PRODUCTS_DIR; };
		1A063020170FBBD5002892C4 /* UIKit.framework */ = {isa = PBXFileReference; lastKnownFileType = wrapper.framework; name = UIKit.framework; path = System/Library/Frameworks/UIKit.framework; sourceTree = SDKROOT; };
		1A063022170FBBD5002892C4 /* Foundation.framework */ = {isa = PBXFileReference; lastKnownFileType = wrapper.framework; name = Foundation.framework; path = System/Library/Frameworks/Foundation.framework; sourceTree = SDKROOT; };
		1A063024170FBBD5002892C4 /* CoreGraphics.framework */ = {isa = PBXFileReference; lastKnownFileType = wrapper.framework; name = CoreGraphics.framework; path = System/Library/Frameworks/CoreGraphics.framework; sourceTree = SDKROOT; };
		1A063028170FBBD5002892C4 /* TicXOToe-Info.plist */ = {isa = PBXFileReference; lastKnownFileType = text.plist.xml; path = "TicXOToe-Info.plist"; sourceTree = "<group>"; };
		1A06302A170FBBD5002892C4 /* en */ = {isa = PBXFileReference; lastKnownFileType = text.plist.strings; name = en; path = en.lproj/InfoPlist.strings; sourceTree = "<group>"; };
		1A06302C170FBBD5002892C4 /* main.m */ = {isa = PBXFileReference; lastKnownFileType = sourcecode.c.objc; path = main.m; sourceTree = "<group>"; };
		1A06302E170FBBD5002892C4 /* TicXOToe-Prefix.pch */ = {isa = PBXFileReference; lastKnownFileType = sourcecode.c.h; path = "TicXOToe-Prefix.pch"; sourceTree = "<group>"; };
		1A06302F170FBBD5002892C4 /* MMAppDelegate.h */ = {isa = PBXFileReference; lastKnownFileType = sourcecode.c.h; path = MMAppDelegate.h; sourceTree = "<group>"; };
		1A063030170FBBD5002892C4 /* MMAppDelegate.m */ = {isa = PBXFileReference; lastKnownFileType = sourcecode.c.objc; path = MMAppDelegate.m; sourceTree = "<group>"; };
		1A063036170FBBD5002892C4 /* Default-568h@2x.png */ = {isa = PBXFileReference; lastKnownFileType = image.png; path = "Default-568h@2x.png"; sourceTree = "<group>"; };
		1A063039170FBBD5002892C4 /* en */ = {isa = PBXFileReference; lastKnownFileType = file.storyboard; name = en; path = en.lproj/MainStoryboard.storyboard; sourceTree = "<group>"; };
		1A06303B170FBBD5002892C4 /* MMViewController.h */ = {isa = PBXFileReference; lastKnownFileType = sourcecode.c.h; path = MMViewController.h; sourceTree = "<group>"; };
		1A06303C170FBBD5002892C4 /* MMViewController.m */ = {isa = PBXFileReference; lastKnownFileType = sourcecode.c.objc; path = MMViewController.m; sourceTree = "<group>"; };
		1A2BBAB0171036BB002A5768 /* O.png */ = {isa = PBXFileReference; lastKnownFileType = image.png; path = O.png; sourceTree = "<group>"; };
		1A2BBAB1171036BB002A5768 /* X.png */ = {isa = PBXFileReference; lastKnownFileType = image.png; path = X.png; sourceTree = "<group>"; };
		1A2BBAB2171036BB002A5768 /* XObackground.png */ = {isa = PBXFileReference; lastKnownFileType = image.png; path = XObackground.png; sourceTree = "<group>"; };
		1A2BBABE171062BF002A5768 /* xo_standard.png */ = {isa = PBXFileReference; lastKnownFileType = image.png; name = xo_standard.png; path = ../xo_standard.png; sourceTree = "<group>"; };
		1A2BBAC0171062C9002A5768 /* xo_retina@2x.png */ = {isa = PBXFileReference; lastKnownFileType = image.png; name = "xo_retina@2x.png"; path = "../xo_retina@2x.png"; sourceTree = "<group>"; };
		1A2BBAC617109A5B002A5768 /* xo_standard_IPad@2x.png */ = {isa = PBXFileReference; lastKnownFileType = image.png; name = "xo_standard_IPad@2x.png"; path = "../xo_standard_IPad@2x.png"; sourceTree = "<group>"; };
		1A2BBAC817109A67002A5768 /* xo_retina_iPad@2x.png */ = {isa = PBXFileReference; lastKnownFileType = image.png; name = "xo_retina_iPad@2x.png"; path = "../xo_retina_iPad@2x.png"; sourceTree = "<group>"; };
		1A2BBAFC17109D7C002A5768 /* MainStoryboard_iPad.storyboard */ = {isa = PBXFileReference; fileEncoding = 4; lastKnownFileType = file.storyboard; path = MainStoryboard_iPad.storyboard; sourceTree = "<group>"; };
		1A2BBAFE17109EB4002A5768 /* MMRegulariPadViewController.h */ = {isa = PBXFileReference; fileEncoding = 4; lastKnownFileType = sourcecode.c.h; path = MMRegulariPadViewController.h; sourceTree = "<group>"; };
		1A2BBAFF17109EB4002A5768 /* MMRegulariPadViewController.m */ = {isa = PBXFileReference; fileEncoding = 4; lastKnownFileType = sourcecode.c.objc; path = MMRegulariPadViewController.m; sourceTree = "<group>"; };
		1A2BBB011710AD5B002A5768 /* XObackground_iPad.png */ = {isa = PBXFileReference; lastKnownFileType = image.png; path = XObackground_iPad.png; sourceTree = "<group>"; };
		1A2BBB021710AD5B002A5768 /* X_iPad.png */ = {isa = PBXFileReference; lastKnownFileType = image.png; path = X_iPad.png; sourceTree = "<group>"; };
		1A2BBB031710AD5B002A5768 /* O_iPad.png */ = {isa = PBXFileReference; lastKnownFileType = image.png; path = O_iPad.png; sourceTree = "<group>"; };
		1A2BBB0D1710BE71002A5768 /* Default@2x.png */ = {isa = PBXFileReference; lastKnownFileType = image.png; name = "Default@2x.png"; path = "../Default@2x.png"; sourceTree = "<group>"; };
		1A2BBB121710BFA5002A5768 /* Default.png */ = {isa = PBXFileReference; lastKnownFileType = image.png; name = Default.png; path = ../Default.png; sourceTree = "<group>"; };
		1A3A13BB1720AE04005E93B6 /* beanbag.png */ = {isa = PBXFileReference; lastKnownFileType = image.png; path = beanbag.png; sourceTree = "<group>"; };
		1A3A13BE1721A453005E93B6 /* slingshot1.png */ = {isa = PBXFileReference; lastKnownFileType = image.png; path = slingshot1.png; sourceTree = "<group>"; };
		1A3A13BF1721A453005E93B6 /* slingshot10.png */ = {isa = PBXFileReference; lastKnownFileType = image.png; path = slingshot10.png; sourceTree = "<group>"; };
		1A3A13C01721A453005E93B6 /* slingshot2.png */ = {isa = PBXFileReference; lastKnownFileType = image.png; path = slingshot2.png; sourceTree = "<group>"; };
		1A3A13C11721A453005E93B6 /* slingshot3.png */ = {isa = PBXFileReference; lastKnownFileType = image.png; path = slingshot3.png; sourceTree = "<group>"; };
		1A3A13C21721A454005E93B6 /* slingshot4.png */ = {isa = PBXFileReference; lastKnownFileType = image.png; path = slingshot4.png; sourceTree = "<group>"; };
		1A3A13C31721A454005E93B6 /* slingshot5.png */ = {isa = PBXFileReference; lastKnownFileType = image.png; path = slingshot5.png; sourceTree = "<group>"; };
		1A3A13C41721A454005E93B6 /* slingshot6.png */ = {isa = PBXFileReference; lastKnownFileType = image.png; path = slingshot6.png; sourceTree = "<group>"; };
		1A3A13C51721A454005E93B6 /* slingshot7.png */ = {isa = PBXFileReference; lastKnownFileType = image.png; path = slingshot7.png; sourceTree = "<group>"; };
		1A3A13C61721A454005E93B6 /* slingshot8.png */ = {isa = PBXFileReference; lastKnownFileType = image.png; path = slingshot8.png; sourceTree = "<group>"; };
		1A3A13C71721A454005E93B6 /* slingshot9.png */ = {isa = PBXFileReference; lastKnownFileType = image.png; path = slingshot9.png; sourceTree = "<group>"; };
		1A3A13D217241D68005E93B6 /* group.png */ = {isa = PBXFileReference; lastKnownFileType = image.png; path = group.png; sourceTree = "<group>"; };
		1A3A13D417241E45005E93B6 /* computer.png */ = {isa = PBXFileReference; lastKnownFileType = image.png; path = computer.png; sourceTree = "<group>"; };
		1A3A13D617241F31005E93B6 /* slingshot_tiny.jpeg */ = {isa = PBXFileReference; lastKnownFileType = image.jpeg; path = slingshot_tiny.jpeg; sourceTree = "<group>"; };
		1A3A13D817277567005E93B6 /* MMMainViewController.h */ = {isa = PBXFileReference; fileEncoding = 4; lastKnownFileType = sourcecode.c.h; path = MMMainViewController.h; sourceTree = "<group>"; };
		1A3A13D917277567005E93B6 /* MMMainViewController.m */ = {isa = PBXFileReference; fileEncoding = 4; lastKnownFileType = sourcecode.c.objc; path = MMMainViewController.m; sourceTree = "<group>"; };
		1A3A13DB17277958005E93B6 /* MMRegularViewController.h */ = {isa = PBXFileReference; fileEncoding = 4; lastKnownFileType = sourcecode.c.h; path = MMRegularViewController.h; sourceTree = "<group>"; };
		1A3A13DC17277958005E93B6 /* MMRegularViewController.m */ = {isa = PBXFileReference; fileEncoding = 4; lastKnownFileType = sourcecode.c.objc; path = MMRegularViewController.m; sourceTree = "<group>"; };
		1A3A13DE17278425005E93B6 /* arrow-turn-180.png */ = {isa = PBXFileReference; lastKnownFileType = image.png; path = "arrow-turn-180.png"; sourceTree = "<group>"; };
		1A3A13E417279437005E93B6 /* XObackgroundWithXO.png */ = {isa = PBXFileReference; lastKnownFileType = image.png; path = XObackgroundWithXO.png; sourceTree = "<group>"; };
		1A3A13F2172960A8005E93B6 /* eye-close.png */ = {isa = PBXFileReference; lastKnownFileType = image.png; path = "eye-close.png"; sourceTree = "<group>"; };
		1A3A13F3172960A8005E93B6 /* eye-half.png */ = {isa = PBXFileReference; lastKnownFileType = image.png; path = "eye-half.png"; sourceTree = "<group>"; };
		1A3A13F4172960A8005E93B6 /* eye.png */ = {isa = PBXFileReference; lastKnownFileType = image.png; path = eye.png; sourceTree = "<group>"; };
		1A73E3FD172B367D00199D3C /* MMiPadMainViewController.h */ = {isa = PBXFileReference; fileEncoding = 4; lastKnownFileType = sourcecode.c.h; path = MMiPadMainViewController.h; sourceTree = "<group>"; };
		1A73E3FE172B367D00199D3C /* MMiPadMainViewController.m */ = {isa = PBXFileReference; fileEncoding = 4; lastKnownFileType = sourcecode.c.objc; path = MMiPadMainViewController.m; sourceTree = "<group>"; };
		1A73E400172B95A900199D3C /* MMSlingshotiPadViewController.h */ = {isa = PBXFileReference; fileEncoding = 4; lastKnownFileType = sourcecode.c.h; path = MMSlingshotiPadViewController.h; sourceTree = "<group>"; };
		1A73E401172B95A900199D3C /* MMSlingshotiPadViewController.m */ = {isa = PBXFileReference; fileEncoding = 4; lastKnownFileType = sourcecode.c.objc; path = MMSlingshotiPadViewController.m; sourceTree = "<group>"; };
		1A73E40B172C100300199D3C /* Default-Portrait~ipad.png */ = {isa = PBXFileReference; lastKnownFileType = image.png; path = "Default-Portrait~ipad.png"; sourceTree = "<group>"; };
		1A73E40C172C100300199D3C /* Default-Portrait@2x~ipad.png */ = {isa = PBXFileReference; lastKnownFileType = image.png; path = "Default-Portrait@2x~ipad.png"; sourceTree = "<group>"; };
		1A792F6C17354459003B1141 /* poolwater2.png */ = {isa = PBXFileReference; lastKnownFileType = image.png; path = poolwater2.png; sourceTree = "<group>"; };
		1A792F6D17354459003B1141 /* tube0_85.png */ = {isa = PBXFileReference; lastKnownFileType = image.png; path = tube0_85.png; sourceTree = "<group>"; };
		1A792F71173544AC003B1141 /* noodleX_85.png */ = {isa = PBXFileReference; lastKnownFileType = image.png; path = noodleX_85.png; sourceTree = "<group>"; };
		1A792F73173553BF003B1141 /* stamped_85.png */ = {isa = PBXFileReference; lastKnownFileType = image.png; path = stamped_85.png; sourceTree = "<group>"; };
		1A792F7517355413003B1141 /* stampedConcrete.JPG */ = {isa = PBXFileReference; lastKnownFileType = image.jpeg; path = stampedConcrete.JPG; sourceTree = "<group>"; };
		1A792F8B17357B95003B1141 /* poolwater2_XOmarks.png */ = {isa = PBXFileReference; lastKnownFileType = image.png; path = poolwater2_XOmarks.png; sourceTree = "<group>"; };
		1A792F8F1735830C003B1141 /* poolWater.png */ = {isa = PBXFileReference; lastKnownFileType = image.png; path = poolWater.png; sourceTree = "<group>"; };
		1A7C719E1735DF6500B41EA7 /* poolX.png */ = {isa = PBXFileReference; lastKnownFileType = image.png; path = poolX.png; sourceTree = "<group>"; };
		1A7C71A01735DF6C00B41EA7 /* poolO.png */ = {isa = PBXFileReference; lastKnownFileType = image.png; path = poolO.png; sourceTree = "<group>"; };
		1A7C71A21735E15400B41EA7 /* poolWaterWithXO.png */ = {isa = PBXFileReference; lastKnownFileType = image.png; path = poolWaterWithXO.png; sourceTree = "<group>"; };
		1A7C71AA1735F27500B41EA7 /* stars3.png */ = {isa = PBXFileReference; lastKnownFileType = image.png; path = stars3.png; sourceTree = "<group>"; };
		1A7C71AC1735F2B200B41EA7 /* stars2.png */ = {isa = PBXFileReference; lastKnownFileType = image.png; path = stars2.png; sourceTree = "<group>"; };
		1A7C71AE1735F30200B41EA7 /* star.png */ = {isa = PBXFileReference; lastKnownFileType = image.png; path = star.png; sourceTree = "<group>"; };
		1A7C71B01735F9E300B41EA7 /* ticxotoe.png */ = {isa = PBXFileReference; lastKnownFileType = image.png; path = ticxotoe.png; sourceTree = "<group>"; };
		1A7C71BC1736088A00B41EA7 /* beachsand.png */ = {isa = PBXFileReference; lastKnownFileType = image.png; path = beachsand.png; sourceTree = "<group>"; };
/* End PBXFileReference section */

/* Begin PBXFrameworksBuildPhase section */
		1A06301A170FBBD5002892C4 /* Frameworks */ = {
			isa = PBXFrameworksBuildPhase;
			buildActionMask = 2147483647;
			files = (
				1A063021170FBBD5002892C4 /* UIKit.framework in Frameworks */,
				1A063023170FBBD5002892C4 /* Foundation.framework in Frameworks */,
				1A063025170FBBD5002892C4 /* CoreGraphics.framework in Frameworks */,
			);
			runOnlyForDeploymentPostprocessing = 0;
		};
/* End PBXFrameworksBuildPhase section */

/* Begin PBXGroup section */
		1A063014170FBBD5002892C4 = {
			isa = PBXGroup;
			children = (
				1A063026170FBBD5002892C4 /* TicXOToe_Test */,
				1A06301F170FBBD5002892C4 /* Frameworks */,
				1A06301E170FBBD5002892C4 /* Products */,
			);
			sourceTree = "<group>";
		};
		1A06301E170FBBD5002892C4 /* Products */ = {
			isa = PBXGroup;
			children = (
				1A06301D170FBBD5002892C4 /* TicXOToe.app */,
			);
			name = Products;
			sourceTree = "<group>";
		};
		1A06301F170FBBD5002892C4 /* Frameworks */ = {
			isa = PBXGroup;
			children = (
				1A063020170FBBD5002892C4 /* UIKit.framework */,
				1A063022170FBBD5002892C4 /* Foundation.framework */,
				1A063024170FBBD5002892C4 /* CoreGraphics.framework */,
			);
			name = Frameworks;
			sourceTree = "<group>";
		};
		1A063026170FBBD5002892C4 /* TicXOToe_Test */ = {
			isa = PBXGroup;
			children = (
				1A06302F170FBBD5002892C4 /* MMAppDelegate.h */,
				1A063030170FBBD5002892C4 /* MMAppDelegate.m */,
				1A063038170FBBD5002892C4 /* MainStoryboard.storyboard */,
				1A3A13DB17277958005E93B6 /* MMRegularViewController.h */,
				1A3A13DC17277958005E93B6 /* MMRegularViewController.m */,
				1A3A13D817277567005E93B6 /* MMMainViewController.h */,
				1A3A13D917277567005E93B6 /* MMMainViewController.m */,
				1A73E3FD172B367D00199D3C /* MMiPadMainViewController.h */,
				1A2BBAFC17109D7C002A5768 /* MainStoryboard_iPad.storyboard */,
				1A73E400172B95A900199D3C /* MMSlingshotiPadViewController.h */,
				1A73E401172B95A900199D3C /* MMSlingshotiPadViewController.m */,
				1A73E3FE172B367D00199D3C /* MMiPadMainViewController.m */,
				1A06303B170FBBD5002892C4 /* MMViewController.h */,
				1A06303C170FBBD5002892C4 /* MMViewController.m */,
				1A2BBAFE17109EB4002A5768 /* MMRegulariPadViewController.h */,
				1A2BBAFF17109EB4002A5768 /* MMRegulariPadViewController.m */,
				1A063027170FBBD5002892C4 /* Supporting Files */,
			);
			path = TicXOToe_Test;
			sourceTree = "<group>";
		};
		1A063027170FBBD5002892C4 /* Supporting Files */ = {
			isa = PBXGroup;
			children = (
				1A7C71BC1736088A00B41EA7 /* beachsand.png */,
				1A7C71B01735F9E300B41EA7 /* ticxotoe.png */,
				1A7C71AA1735F27500B41EA7 /* stars3.png */,
				1A7C71AC1735F2B200B41EA7 /* stars2.png */,
				1A7C71AE1735F30200B41EA7 /* star.png */,
				1A792F8F1735830C003B1141 /* poolWater.png */,
				1A7C71A21735E15400B41EA7 /* poolWaterWithXO.png */,
				1A792F8B17357B95003B1141 /* poolwater2_XOmarks.png */,
				1A792F7517355413003B1141 /* stampedConcrete.JPG */,
				1A792F73173553BF003B1141 /* stamped_85.png */,
				1A792F6C17354459003B1141 /* poolwater2.png */,
				1A792F71173544AC003B1141 /* noodleX_85.png */,
				1A792F6D17354459003B1141 /* tube0_85.png */,
				1A3A13F2172960A8005E93B6 /* eye-close.png */,
				1A3A13F3172960A8005E93B6 /* eye-half.png */,
				1A3A13F4172960A8005E93B6 /* eye.png */,
				1A3A13DE17278425005E93B6 /* arrow-turn-180.png */,
				1A3A13D617241F31005E93B6 /* slingshot_tiny.jpeg */,
				1A3A13D417241E45005E93B6 /* computer.png */,
				1A3A13D217241D68005E93B6 /* group.png */,
				1A3A13BD1721A453005E93B6 /* SlingShots */,
				1A3A13BB1720AE04005E93B6 /* beanbag.png */,
				1A2BBB121710BFA5002A5768 /* Default.png */,
				1A2BBB0D1710BE71002A5768 /* Default@2x.png */,
				1A73E40B172C100300199D3C /* Default-Portrait~ipad.png */,
				1A73E40C172C100300199D3C /* Default-Portrait@2x~ipad.png */,
				1A2BBB011710AD5B002A5768 /* XObackground_iPad.png */,
				1A2BBB021710AD5B002A5768 /* X_iPad.png */,
				1A2BBB031710AD5B002A5768 /* O_iPad.png */,
				1A2BBAC817109A67002A5768 /* xo_retina_iPad@2x.png */,
				1A2BBAC617109A5B002A5768 /* xo_standard_IPad@2x.png */,
				1A2BBAC0171062C9002A5768 /* xo_retina@2x.png */,
				1A2BBABE171062BF002A5768 /* xo_standard.png */,
				1A2BBAB0171036BB002A5768 /* O.png */,
				1A2BBAB1171036BB002A5768 /* X.png */,
				1A2BBAB2171036BB002A5768 /* XObackground.png */,
				1A3A13E417279437005E93B6 /* XObackgroundWithXO.png */,
				1A063028170FBBD5002892C4 /* TicXOToe-Info.plist */,
				1A063029170FBBD5002892C4 /* InfoPlist.strings */,
				1A06302C170FBBD5002892C4 /* main.m */,
				1A06302E170FBBD5002892C4 /* TicXOToe-Prefix.pch */,
				1A063036170FBBD5002892C4 /* Default-568h@2x.png */,
			);
			name = "Supporting Files";
			sourceTree = "<group>";
		};
		1A3A13BD1721A453005E93B6 /* SlingShots */ = {
			isa = PBXGroup;
			children = (
				1A7C719E1735DF6500B41EA7 /* poolX.png */,
				1A7C71A01735DF6C00B41EA7 /* poolO.png */,
				1A3A13BE1721A453005E93B6 /* slingshot1.png */,
				1A3A13C01721A453005E93B6 /* slingshot2.png */,
				1A3A13C11721A453005E93B6 /* slingshot3.png */,
				1A3A13C21721A454005E93B6 /* slingshot4.png */,
				1A3A13C31721A454005E93B6 /* slingshot5.png */,
				1A3A13C41721A454005E93B6 /* slingshot6.png */,
				1A3A13C51721A454005E93B6 /* slingshot7.png */,
				1A3A13C61721A454005E93B6 /* slingshot8.png */,
				1A3A13C71721A454005E93B6 /* slingshot9.png */,
				1A3A13BF1721A453005E93B6 /* slingshot10.png */,
			);
			path = SlingShots;
			sourceTree = "<group>";
		};
/* End PBXGroup section */

/* Begin PBXNativeTarget section */
		1A06301C170FBBD5002892C4 /* TicXOToe */ = {
			isa = PBXNativeTarget;
			buildConfigurationList = 1A063040170FBBD5002892C4 /* Build configuration list for PBXNativeTarget "TicXOToe" */;
			buildPhases = (
				1A063019170FBBD5002892C4 /* Sources */,
				1A06301A170FBBD5002892C4 /* Frameworks */,
				1A06301B170FBBD5002892C4 /* Resources */,
			);
			buildRules = (
			);
			dependencies = (
			);
			name = TicXOToe;
			productName = TicXOToe_Test;
			productReference = 1A06301D170FBBD5002892C4 /* TicXOToe.app */;
			productType = "com.apple.product-type.application";
		};
/* End PBXNativeTarget section */

/* Begin PBXProject section */
		1A063015170FBBD5002892C4 /* Project object */ = {
			isa = PBXProject;
			attributes = {
				CLASSPREFIX = MM;
				LastUpgradeCheck = 0460;
				ORGANIZATIONNAME = jdsv650;
			};
			buildConfigurationList = 1A063018170FBBD5002892C4 /* Build configuration list for PBXProject "TicXOToe" */;
			compatibilityVersion = "Xcode 3.2";
			developmentRegion = English;
			hasScannedForEncodings = 0;
			knownRegions = (
				en,
			);
			mainGroup = 1A063014170FBBD5002892C4;
			productRefGroup = 1A06301E170FBBD5002892C4 /* Products */;
			projectDirPath = "";
			projectRoot = "";
			targets = (
				1A06301C170FBBD5002892C4 /* TicXOToe */,
			);
		};
/* End PBXProject section */

/* Begin PBXResourcesBuildPhase section */
		1A06301B170FBBD5002892C4 /* Resources */ = {
			isa = PBXResourcesBuildPhase;
			buildActionMask = 2147483647;
			files = (
				1A06302B170FBBD5002892C4 /* InfoPlist.strings in Resources */,
				1A063037170FBBD5002892C4 /* Default-568h@2x.png in Resources */,
				1A06303A170FBBD5002892C4 /* MainStoryboard.storyboard in Resources */,
				1A2BBAB3171036BB002A5768 /* O.png in Resources */,
				1A2BBAB4171036BB002A5768 /* X.png in Resources */,
				1A2BBAB5171036BB002A5768 /* XObackground.png in Resources */,
				1A2BBABF171062BF002A5768 /* xo_standard.png in Resources */,
				1A2BBAC1171062C9002A5768 /* xo_retina@2x.png in Resources */,
				1A2BBAC717109A5B002A5768 /* xo_standard_IPad@2x.png in Resources */,
				1A2BBAC917109A67002A5768 /* xo_retina_iPad@2x.png in Resources */,
				1A2BBAFD17109D7C002A5768 /* MainStoryboard_iPad.storyboard in Resources */,
				1A2BBB041710AD5B002A5768 /* XObackground_iPad.png in Resources */,
				1A2BBB051710AD5B002A5768 /* X_iPad.png in Resources */,
				1A2BBB061710AD5B002A5768 /* O_iPad.png in Resources */,
				1A3A13BC1720AE04005E93B6 /* beanbag.png in Resources */,
				1A3A13C81721A454005E93B6 /* slingshot1.png in Resources */,
				1A3A13C91721A454005E93B6 /* slingshot10.png in Resources */,
				1A3A13CA1721A454005E93B6 /* slingshot2.png in Resources */,
				1A3A13CB1721A454005E93B6 /* slingshot3.png in Resources */,
				1A3A13CC1721A454005E93B6 /* slingshot4.png in Resources */,
				1A3A13CD1721A454005E93B6 /* slingshot5.png in Resources */,
				1A3A13CE1721A454005E93B6 /* slingshot6.png in Resources */,
				1A3A13CF1721A454005E93B6 /* slingshot7.png in Resources */,
				1A3A13D01721A454005E93B6 /* slingshot8.png in Resources */,
				1A3A13D11721A454005E93B6 /* slingshot9.png in Resources */,
				1A3A13D317241D68005E93B6 /* group.png in Resources */,
				1A3A13D517241E45005E93B6 /* computer.png in Resources */,
				1A3A13D717241F31005E93B6 /* slingshot_tiny.jpeg in Resources */,
				1A3A13DF17278425005E93B6 /* arrow-turn-180.png in Resources */,
				1A3A13E517279437005E93B6 /* XObackgroundWithXO.png in Resources */,
				1A3A13F5172960A9005E93B6 /* eye-close.png in Resources */,
				1A3A13F6172960A9005E93B6 /* eye-half.png in Resources */,
				1A3A13F7172960A9005E93B6 /* eye.png in Resources */,
				1A73E40D172C100400199D3C /* Default-Portrait~ipad.png in Resources */,
				1A73E40E172C100400199D3C /* Default-Portrait@2x~ipad.png in Resources */,
				1A792F6F17354459003B1141 /* poolwater2.png in Resources */,
				1A792F7017354459003B1141 /* tube0_85.png in Resources */,
				1A792F72173544AC003B1141 /* noodleX_85.png in Resources */,
				1A792F74173553BF003B1141 /* stamped_85.png in Resources */,
				1A792F7617355413003B1141 /* stampedConcrete.JPG in Resources */,
				1A792F8C17357B95003B1141 /* poolwater2_XOmarks.png in Resources */,
				1A792F901735830C003B1141 /* poolWater.png in Resources */,
				1A7C719F1735DF6500B41EA7 /* poolX.png in Resources */,
				1A7C71A11735DF6C00B41EA7 /* poolO.png in Resources */,
				1A7C71A31735E15400B41EA7 /* poolWaterWithXO.png in Resources */,
				1A7C71AB1735F27500B41EA7 /* stars3.png in Resources */,
				1A7C71AD1735F2B200B41EA7 /* stars2.png in Resources */,
				1A7C71AF1735F30200B41EA7 /* star.png in Resources */,
				1A7C71B11735F9E300B41EA7 /* ticxotoe.png in Resources */,
				1A7C71BD1736088A00B41EA7 /* beachsand.png in Resources */,
			);
			runOnlyForDeploymentPostprocessing = 0;
		};
/* End PBXResourcesBuildPhase section */

/* Begin PBXSourcesBuildPhase section */
		1A063019170FBBD5002892C4 /* Sources */ = {
			isa = PBXSourcesBuildPhase;
			buildActionMask = 2147483647;
			files = (
				1A06302D170FBBD5002892C4 /* main.m in Sources */,
				1A063031170FBBD5002892C4 /* MMAppDelegate.m in Sources */,
				1A06303D170FBBD5002892C4 /* MMViewController.m in Sources */,
				1A2BBB0017109EB4002A5768 /* MMRegulariPadViewController.m in Sources */,
				1A3A13DA17277568005E93B6 /* MMMainViewController.m in Sources */,
				1A3A13DD17277958005E93B6 /* MMRegularViewController.m in Sources */,
				1A73E3FF172B367D00199D3C /* MMiPadMainViewController.m in Sources */,
				1A73E402172B95A900199D3C /* MMSlingshotiPadViewController.m in Sources */,
			);
			runOnlyForDeploymentPostprocessing = 0;
		};
/* End PBXSourcesBuildPhase section */

/* Begin PBXVariantGroup section */
		1A063029170FBBD5002892C4 /* InfoPlist.strings */ = {
			isa = PBXVariantGroup;
			children = (
				1A06302A170FBBD5002892C4 /* en */,
			);
			name = InfoPlist.strings;
			sourceTree = "<group>";
		};
		1A063038170FBBD5002892C4 /* MainStoryboard.storyboard */ = {
			isa = PBXVariantGroup;
			children = (
				1A063039170FBBD5002892C4 /* en */,
			);
			name = MainStoryboard.storyboard;
			sourceTree = "<group>";
		};
/* End PBXVariantGroup section */

/* Begin XCBuildConfiguration section */
		1A06303E170FBBD5002892C4 /* Debug */ = {
			isa = XCBuildConfiguration;
			buildSettings = {
				ALWAYS_SEARCH_USER_PATHS = NO;
				CLANG_CXX_LANGUAGE_STANDARD = "gnu++0x";
				CLANG_CXX_LIBRARY = "libc++";
				CLANG_ENABLE_OBJC_ARC = YES;
				CLANG_WARN_CONSTANT_CONVERSION = YES;
				CLANG_WARN_EMPTY_BODY = YES;
				CLANG_WARN_ENUM_CONVERSION = YES;
				CLANG_WARN_INT_CONVERSION = YES;
				CLANG_WARN__DUPLICATE_METHOD_MATCH = YES;
				"CODE_SIGN_IDENTITY[sdk=iphoneos*]" = "iPhone Developer";
				COPY_PHASE_STRIP = NO;
				GCC_C_LANGUAGE_STANDARD = gnu99;
				GCC_DYNAMIC_NO_PIC = NO;
				GCC_OPTIMIZATION_LEVEL = 0;
				GCC_PREPROCESSOR_DEFINITIONS = (
					"DEBUG=1",
					"$(inherited)",
				);
				GCC_SYMBOLS_PRIVATE_EXTERN = NO;
				GCC_WARN_ABOUT_RETURN_TYPE = YES;
				GCC_WARN_UNINITIALIZED_AUTOS = YES;
				GCC_WARN_UNUSED_VARIABLE = YES;
				IPHONEOS_DEPLOYMENT_TARGET = 6.1;
				ONLY_ACTIVE_ARCH = YES;
				SDKROOT = iphoneos;
			};
			name = Debug;
		};
		1A06303F170FBBD5002892C4 /* Release */ = {
			isa = XCBuildConfiguration;
			buildSettings = {
				ALWAYS_SEARCH_USER_PATHS = NO;
				CLANG_CXX_LANGUAGE_STANDARD = "gnu++0x";
				CLANG_CXX_LIBRARY = "libc++";
				CLANG_ENABLE_OBJC_ARC = YES;
				CLANG_WARN_CONSTANT_CONVERSION = YES;
				CLANG_WARN_EMPTY_BODY = YES;
				CLANG_WARN_ENUM_CONVERSION = YES;
				CLANG_WARN_INT_CONVERSION = YES;
				CLANG_WARN__DUPLICATE_METHOD_MATCH = YES;
				"CODE_SIGN_IDENTITY[sdk=iphoneos*]" = "iPhone Distribution";
				COPY_PHASE_STRIP = YES;
				GCC_C_LANGUAGE_STANDARD = gnu99;
				GCC_WARN_ABOUT_RETURN_TYPE = YES;
				GCC_WARN_UNINITIALIZED_AUTOS = YES;
				GCC_WARN_UNUSED_VARIABLE = YES;
				IPHONEOS_DEPLOYMENT_TARGET = 6.1;
				OTHER_CFLAGS = "-DNS_BLOCK_ASSERTIONS=1";
				"PROVISIONING_PROFILE[sdk=iphoneos*]" = "";
				SDKROOT = iphoneos;
				VALIDATE_PRODUCT = YES;
			};
			name = Release;
		};
		1A063041170FBBD5002892C4 /* Debug */ = {
			isa = XCBuildConfiguration;
			buildSettings = {
				GCC_PRECOMPILE_PREFIX_HEADER = YES;
				GCC_PREFIX_HEADER = "TicXOToe_Test/TicXOToe-Prefix.pch";
				INFOPLIST_FILE = "TicXOToe_Test/TicXOToe-Info.plist";
				IPHONEOS_DEPLOYMENT_TARGET = 5.0;
				PRODUCT_NAME = TicXOToe;
				TARGETED_DEVICE_FAMILY = "1,2";
				WRAPPER_EXTENSION = app;
			};
			name = Debug;
		};
		1A063042170FBBD5002892C4 /* Release */ = {
			isa = XCBuildConfiguration;
			buildSettings = {
				"CODE_SIGN_IDENTITY[sdk=iphoneos*]" = "iPhone Distribution: James Donner";
				GCC_PRECOMPILE_PREFIX_HEADER = YES;
				GCC_PREFIX_HEADER = "TicXOToe_Test/TicXOToe-Prefix.pch";
				INFOPLIST_FILE = "TicXOToe_Test/TicXOToe-Info.plist";
				IPHONEOS_DEPLOYMENT_TARGET = 5.0;
				PRODUCT_NAME = TicXOToe;
				"PROVISIONING_PROFILE[sdk=iphoneos*]" = "197714EF-99E5-4BCE-8AE1-28C8A2362B87";
				TARGETED_DEVICE_FAMILY = "1,2";
				WRAPPER_EXTENSION = app;
			};
			name = Release;
		};
/* End XCBuildConfiguration section */

/* Begin XCConfigurationList section */
		1A063018170FBBD5002892C4 /* Build configuration list for PBXProject "TicXOToe" */ = {
			isa = XCConfigurationList;
			buildConfigurations = (
				1A06303E170FBBD5002892C4 /* Debug */,
				1A06303F170FBBD5002892C4 /* Release */,
			);
			defaultConfigurationIsVisible = 0;
			defaultConfigurationName = Release;
		};
		1A063040170FBBD5002892C4 /* Build configuration list for PBXNativeTarget "TicXOToe" */ = {
			isa = XCConfigurationList;
			buildConfigurations = (
				1A063041170FBBD5002892C4 /* Debug */,
				1A063042170FBBD5002892C4 /* Release */,
			);
			defaultConfigurationIsVisible = 0;
			defaultConfigurationName = Release;
		};
/* End XCConfigurationList section */
	};
	rootObject = 1A063015170FBBD5002892C4 /* Project object */;
}
